// !$*UTF8*$!
{
	archiveVersion = 1;
	classes = {
	};
	objectVersion = 46;
	objects = {

/* Begin PBXBuildFile section */
		59BD61A31C985CBC00A17E13 /* AppDelegate.swift in Sources */ = {isa = PBXBuildFile; fileRef = 59BD61A21C985CBC00A17E13 /* AppDelegate.swift */; };
		59BD61AA1C985CBC00A17E13 /* Assets.xcassets in Resources */ = {isa = PBXBuildFile; fileRef = 59BD61A91C985CBC00A17E13 /* Assets.xcassets */; };
		59BD61AD1C985CBC00A17E13 /* LaunchScreen.storyboard in Resources */ = {isa = PBXBuildFile; fileRef = 59BD61AB1C985CBC00A17E13 /* LaunchScreen.storyboard */; };
		59BD61B81C985CBD00A17E13 /* MovieLibraryIOSClientTests.swift in Sources */ = {isa = PBXBuildFile; fileRef = 59BD61B71C985CBD00A17E13 /* MovieLibraryIOSClientTests.swift */; };
		59BD61C31C985CBD00A17E13 /* MovieLibraryIOSClientUITests.swift in Sources */ = {isa = PBXBuildFile; fileRef = 59BD61C21C985CBD00A17E13 /* MovieLibraryIOSClientUITests.swift */; };
		59BD61D41C985D4200A17E13 /* AddEditMovieController.swift in Sources */ = {isa = PBXBuildFile; fileRef = 59BD61D01C985D4200A17E13 /* AddEditMovieController.swift */; };
		59BD61D51C985D4200A17E13 /* MovieViewController.swift in Sources */ = {isa = PBXBuildFile; fileRef = 59BD61D11C985D4200A17E13 /* MovieViewController.swift */; };
		59BD61D61C985D4200A17E13 /* LibraryViewController.swift in Sources */ = {isa = PBXBuildFile; fileRef = 59BD61D21C985D4200A17E13 /* LibraryViewController.swift */; };
		59BD61D71C985D4200A17E13 /* MovieDescription.swift in Sources */ = {isa = PBXBuildFile; fileRef = 59BD61D31C985D4200A17E13 /* MovieDescription.swift */; };
		59BD61D91C98759D00A17E13 /* Main.storyboard in Resources */ = {isa = PBXBuildFile; fileRef = 59BD61D81C98759D00A17E13 /* Main.storyboard */; };
		59BD61DB1C987A6400A17E13 /* MovieLibraryClient.swift in Sources */ = {isa = PBXBuildFile; fileRef = 59BD61DA1C987A6400A17E13 /* MovieLibraryClient.swift */; };
/* End PBXBuildFile section */

/* Begin PBXContainerItemProxy section */
		59BD61B41C985CBD00A17E13 /* PBXContainerItemProxy */ = {
			isa = PBXContainerItemProxy;
			containerPortal = 59BD61971C985CBC00A17E13 /* Project object */;
			proxyType = 1;
			remoteGlobalIDString = 59BD619E1C985CBC00A17E13;
			remoteInfo = MovieLibraryIOSClient;
		};
		59BD61BF1C985CBD00A17E13 /* PBXContainerItemProxy */ = {
			isa = PBXContainerItemProxy;
			containerPortal = 59BD61971C985CBC00A17E13 /* Project object */;
			proxyType = 1;
			remoteGlobalIDString = 59BD619E1C985CBC00A17E13;
			remoteInfo = MovieLibraryIOSClient;
		};
/* End PBXContainerItemProxy section */

/* Begin PBXFileReference section */
		59BD619F1C985CBC00A17E13 /* MovieLibraryIOSClient.app */ = {isa = PBXFileReference; explicitFileType = wrapper.application; includeInIndex = 0; path = MovieLibraryIOSClient.app; sourceTree = BUILT_PRODUCTS_DIR; };
		59BD61A21C985CBC00A17E13 /* AppDelegate.swift */ = {isa = PBXFileReference; lastKnownFileType = sourcecode.swift; path = AppDelegate.swift; sourceTree = "<group>"; };
		59BD61A91C985CBC00A17E13 /* Assets.xcassets */ = {isa = PBXFileReference; lastKnownFileType = folder.assetcatalog; path = Assets.xcassets; sourceTree = "<group>"; };
		59BD61AC1C985CBC00A17E13 /* Base */ = {isa = PBXFileReference; lastKnownFileType = file.storyboard; name = Base; path = Base.lproj/LaunchScreen.storyboard; sourceTree = "<group>"; };
		59BD61AE1C985CBC00A17E13 /* Info.plist */ = {isa = PBXFileReference; lastKnownFileType = text.plist.xml; path = Info.plist; sourceTree = "<group>"; };
		59BD61B31C985CBD00A17E13 /* MovieLibraryIOSClientTests.xctest */ = {isa = PBXFileReference; explicitFileType = wrapper.cfbundle; includeInIndex = 0; path = MovieLibraryIOSClientTests.xctest; sourceTree = BUILT_PRODUCTS_DIR; };
		59BD61B71C985CBD00A17E13 /* MovieLibraryIOSClientTests.swift */ = {isa = PBXFileReference; lastKnownFileType = sourcecode.swift; path = MovieLibraryIOSClientTests.swift; sourceTree = "<group>"; };
		59BD61B91C985CBD00A17E13 /* Info.plist */ = {isa = PBXFileReference; lastKnownFileType = text.plist.xml; path = Info.plist; sourceTree = "<group>"; };
		59BD61BE1C985CBD00A17E13 /* MovieLibraryIOSClientUITests.xctest */ = {isa = PBXFileReference; explicitFileType = wrapper.cfbundle; includeInIndex = 0; path = MovieLibraryIOSClientUITests.xctest; sourceTree = BUILT_PRODUCTS_DIR; };
		59BD61C21C985CBD00A17E13 /* MovieLibraryIOSClientUITests.swift */ = {isa = PBXFileReference; lastKnownFileType = sourcecode.swift; path = MovieLibraryIOSClientUITests.swift; sourceTree = "<group>"; };
		59BD61C41C985CBD00A17E13 /* Info.plist */ = {isa = PBXFileReference; lastKnownFileType = text.plist.xml; path = Info.plist; sourceTree = "<group>"; };
		59BD61D01C985D4200A17E13 /* AddEditMovieController.swift */ = {isa = PBXFileReference; fileEncoding = 4; lastKnownFileType = sourcecode.swift; path = AddEditMovieController.swift; sourceTree = "<group>"; };
		59BD61D11C985D4200A17E13 /* MovieViewController.swift */ = {isa = PBXFileReference; fileEncoding = 4; lastKnownFileType = sourcecode.swift; path = MovieViewController.swift; sourceTree = "<group>"; };
		59BD61D21C985D4200A17E13 /* LibraryViewController.swift */ = {isa = PBXFileReference; fileEncoding = 4; lastKnownFileType = sourcecode.swift; path = LibraryViewController.swift; sourceTree = "<group>"; };
		59BD61D31C985D4200A17E13 /* MovieDescription.swift */ = {isa = PBXFileReference; fileEncoding = 4; lastKnownFileType = sourcecode.swift; path = MovieDescription.swift; sourceTree = "<group>"; };
		59BD61D81C98759D00A17E13 /* Main.storyboard */ = {isa = PBXFileReference; fileEncoding = 4; lastKnownFileType = file.storyboard; path = Main.storyboard; sourceTree = "<group>"; };
		59BD61DA1C987A6400A17E13 /* MovieLibraryClient.swift */ = {isa = PBXFileReference; fileEncoding = 4; lastKnownFileType = sourcecode.swift; path = MovieLibraryClient.swift; sourceTree = "<group>"; };
/* End PBXFileReference section */

/* Begin PBXFrameworksBuildPhase section */
		59BD619C1C985CBC00A17E13 /* Frameworks */ = {
			isa = PBXFrameworksBuildPhase;
			buildActionMask = 2147483647;
			files = (
			);
			runOnlyForDeploymentPostprocessing = 0;
		};
		59BD61B01C985CBD00A17E13 /* Frameworks */ = {
			isa = PBXFrameworksBuildPhase;
			buildActionMask = 2147483647;
			files = (
			);
			runOnlyForDeploymentPostprocessing = 0;
		};
		59BD61BB1C985CBD00A17E13 /* Frameworks */ = {
			isa = PBXFrameworksBuildPhase;
			buildActionMask = 2147483647;
			files = (
			);
			runOnlyForDeploymentPostprocessing = 0;
		};
/* End PBXFrameworksBuildPhase section */

/* Begin PBXGroup section */
		59BD61961C985CBC00A17E13 = {
			isa = PBXGroup;
			children = (
				59BD61A11C985CBC00A17E13 /* MovieLibraryIOSClient */,
				59BD61B61C985CBD00A17E13 /* MovieLibraryIOSClientTests */,
				59BD61C11C985CBD00A17E13 /* MovieLibraryIOSClientUITests */,
				59BD61A01C985CBC00A17E13 /* Products */,
			);
			sourceTree = "<group>";
		};
		59BD61A01C985CBC00A17E13 /* Products */ = {
			isa = PBXGroup;
			children = (
				59BD619F1C985CBC00A17E13 /* MovieLibraryIOSClient.app */,
				59BD61B31C985CBD00A17E13 /* MovieLibraryIOSClientTests.xctest */,
				59BD61BE1C985CBD00A17E13 /* MovieLibraryIOSClientUITests.xctest */,
			);
			name = Products;
			sourceTree = "<group>";
		};
		59BD61A11C985CBC00A17E13 /* MovieLibraryIOSClient */ = {
			isa = PBXGroup;
			children = (
				59BD61A21C985CBC00A17E13 /* AppDelegate.swift */,
				59BD61D01C985D4200A17E13 /* AddEditMovieController.swift */,
				59BD61D11C985D4200A17E13 /* MovieViewController.swift */,
				59BD61D21C985D4200A17E13 /* LibraryViewController.swift */,
				59BD61D31C985D4200A17E13 /* MovieDescription.swift */,
				59BD61DA1C987A6400A17E13 /* MovieLibraryClient.swift */,
				59BD61D81C98759D00A17E13 /* Main.storyboard */,
				59BD61A91C985CBC00A17E13 /* Assets.xcassets */,
				59BD61AB1C985CBC00A17E13 /* LaunchScreen.storyboard */,
				59BD61AE1C985CBC00A17E13 /* Info.plist */,
			);
			path = MovieLibraryIOSClient;
			sourceTree = "<group>";
		};
		59BD61B61C985CBD00A17E13 /* MovieLibraryIOSClientTests */ = {
			isa = PBXGroup;
			children = (
				59BD61B71C985CBD00A17E13 /* MovieLibraryIOSClientTests.swift */,
				59BD61B91C985CBD00A17E13 /* Info.plist */,
			);
			path = MovieLibraryIOSClientTests;
			sourceTree = "<group>";
		};
		59BD61C11C985CBD00A17E13 /* MovieLibraryIOSClientUITests */ = {
			isa = PBXGroup;
			children = (
				59BD61C21C985CBD00A17E13 /* MovieLibraryIOSClientUITests.swift */,
				59BD61C41C985CBD00A17E13 /* Info.plist */,
			);
			path = MovieLibraryIOSClientUITests;
			sourceTree = "<group>";
		};
/* End PBXGroup section */

/* Begin PBXNativeTarget section */
		59BD619E1C985CBC00A17E13 /* MovieLibraryIOSClient */ = {
			isa = PBXNativeTarget;
			buildConfigurationList = 59BD61C71C985CBD00A17E13 /* Build configuration list for PBXNativeTarget "MovieLibraryIOSClient" */;
			buildPhases = (
				59BD619B1C985CBC00A17E13 /* Sources */,
				59BD619C1C985CBC00A17E13 /* Frameworks */,
				59BD619D1C985CBC00A17E13 /* Resources */,
			);
			buildRules = (
			);
			dependencies = (
			);
			name = MovieLibraryIOSClient;
			productName = MovieLibraryIOSClient;
			productReference = 59BD619F1C985CBC00A17E13 /* MovieLibraryIOSClient.app */;
			productType = "com.apple.product-type.application";
		};
		59BD61B21C985CBD00A17E13 /* MovieLibraryIOSClientTests */ = {
			isa = PBXNativeTarget;
			buildConfigurationList = 59BD61CA1C985CBD00A17E13 /* Build configuration list for PBXNativeTarget "MovieLibraryIOSClientTests" */;
			buildPhases = (
				59BD61AF1C985CBD00A17E13 /* Sources */,
				59BD61B01C985CBD00A17E13 /* Frameworks */,
				59BD61B11C985CBD00A17E13 /* Resources */,
			);
			buildRules = (
			);
			dependencies = (
				59BD61B51C985CBD00A17E13 /* PBXTargetDependency */,
			);
			name = MovieLibraryIOSClientTests;
			productName = MovieLibraryIOSClientTests;
			productReference = 59BD61B31C985CBD00A17E13 /* MovieLibraryIOSClientTests.xctest */;
			productType = "com.apple.product-type.bundle.unit-test";
		};
		59BD61BD1C985CBD00A17E13 /* MovieLibraryIOSClientUITests */ = {
			isa = PBXNativeTarget;
			buildConfigurationList = 59BD61CD1C985CBD00A17E13 /* Build configuration list for PBXNativeTarget "MovieLibraryIOSClientUITests" */;
			buildPhases = (
				59BD61BA1C985CBD00A17E13 /* Sources */,
				59BD61BB1C985CBD00A17E13 /* Frameworks */,
				59BD61BC1C985CBD00A17E13 /* Resources */,
			);
			buildRules = (
			);
			dependencies = (
				59BD61C01C985CBD00A17E13 /* PBXTargetDependency */,
			);
			name = MovieLibraryIOSClientUITests;
			productName = MovieLibraryIOSClientUITests;
			productReference = 59BD61BE1C985CBD00A17E13 /* MovieLibraryIOSClientUITests.xctest */;
			productType = "com.apple.product-type.bundle.ui-testing";
		};
/* End PBXNativeTarget section */

/* Begin PBXProject section */
		59BD61971C985CBC00A17E13 /* Project object */ = {
			isa = PBXProject;
			attributes = {
				LastSwiftUpdateCheck = 0720;
				LastUpgradeCheck = 0720;
				ORGANIZATIONNAME = mcmathe1;
				TargetAttributes = {
					59BD619E1C985CBC00A17E13 = {
						CreatedOnToolsVersion = 7.2;
					};
					59BD61B21C985CBD00A17E13 = {
						CreatedOnToolsVersion = 7.2;
						TestTargetID = 59BD619E1C985CBC00A17E13;
					};
					59BD61BD1C985CBD00A17E13 = {
						CreatedOnToolsVersion = 7.2;
						TestTargetID = 59BD619E1C985CBC00A17E13;
					};
				};
			};
			buildConfigurationList = 59BD619A1C985CBC00A17E13 /* Build configuration list for PBXProject "MovieLibraryIOSClient" */;
			compatibilityVersion = "Xcode 3.2";
			developmentRegion = English;
			hasScannedForEncodings = 0;
			knownRegions = (
				en,
				Base,
			);
			mainGroup = 59BD61961C985CBC00A17E13;
			productRefGroup = 59BD61A01C985CBC00A17E13 /* Products */;
			projectDirPath = "";
			projectRoot = "";
			targets = (
				59BD619E1C985CBC00A17E13 /* MovieLibraryIOSClient */,
				59BD61B21C985CBD00A17E13 /* MovieLibraryIOSClientTests */,
				59BD61BD1C985CBD00A17E13 /* MovieLibraryIOSClientUITests */,
			);
		};
/* End PBXProject section */

/* Begin PBXResourcesBuildPhase section */
		59BD619D1C985CBC00A17E13 /* Resources */ = {
			isa = PBXResourcesBuildPhase;
			buildActionMask = 2147483647;
			files = (
				59BD61AD1C985CBC00A17E13 /* LaunchScreen.storyboard in Resources */,
				59BD61AA1C985CBC00A17E13 /* Assets.xcassets in Resources */,
				59BD61D91C98759D00A17E13 /* Main.storyboard in Resources */,
			);
			runOnlyForDeploymentPostprocessing = 0;
		};
		59BD61B11C985CBD00A17E13 /* Resources */ = {
			isa = PBXResourcesBuildPhase;
			buildActionMask = 2147483647;
			files = (
			);
			runOnlyForDeploymentPostprocessing = 0;
		};
		59BD61BC1C985CBD00A17E13 /* Resources */ = {
			isa = PBXResourcesBuildPhase;
			buildActionMask = 2147483647;
			files = (
			);
			runOnlyForDeploymentPostprocessing = 0;
		};
/* End PBXResourcesBuildPhase section */

/* Begin PBXSourcesBuildPhase section */
		59BD619B1C985CBC00A17E13 /* Sources */ = {
			isa = PBXSourcesBuildPhase;
			buildActionMask = 2147483647;
			files = (
				59BD61D71C985D4200A17E13 /* MovieDescription.swift in Sources */,
				59BD61D61C985D4200A17E13 /* LibraryViewController.swift in Sources */,
				59BD61A31C985CBC00A17E13 /* AppDelegate.swift in Sources */,
				59BD61DB1C987A6400A17E13 /* MovieLibraryClient.swift in Sources */,
				59BD61D41C985D4200A17E13 /* AddEditMovieController.swift in Sources */,
				59BD61D51C985D4200A17E13 /* MovieViewController.swift in Sources */,
			);
			runOnlyForDeploymentPostprocessing = 0;
		};
		59BD61AF1C985CBD00A17E13 /* Sources */ = {
			isa = PBXSourcesBuildPhase;
			buildActionMask = 2147483647;
			files = (
				59BD61B81C985CBD00A17E13 /* MovieLibraryIOSClientTests.swift in Sources */,
			);
			runOnlyForDeploymentPostprocessing = 0;
		};
		59BD61BA1C985CBD00A17E13 /* Sources */ = {
			isa = PBXSourcesBuildPhase;
			buildActionMask = 2147483647;
			files = (
				59BD61C31C985CBD00A17E13 /* MovieLibraryIOSClientUITests.swift in Sources */,
			);
			runOnlyForDeploymentPostprocessing = 0;
		};
/* End PBXSourcesBuildPhase section */

/* Begin PBXTargetDependency section */
		59BD61B51C985CBD00A17E13 /* PBXTargetDependency */ = {
			isa = PBXTargetDependency;
			target = 59BD619E1C985CBC00A17E13 /* MovieLibraryIOSClient */;
			targetProxy = 59BD61B41C985CBD00A17E13 /* PBXContainerItemProxy */;
		};
		59BD61C01C985CBD00A17E13 /* PBXTargetDependency */ = {
			isa = PBXTargetDependency;
			target = 59BD619E1C985CBC00A17E13 /* MovieLibraryIOSClient */;
			targetProxy = 59BD61BF1C985CBD00A17E13 /* PBXContainerItemProxy */;
		};
/* End PBXTargetDependency section */

/* Begin PBXVariantGroup section */
		59BD61AB1C985CBC00A17E13 /* LaunchScreen.storyboard */ = {
			isa = PBXVariantGroup;
			children = (
				59BD61AC1C985CBC00A17E13 /* Base */,
			);
			name = LaunchScreen.storyboard;
			sourceTree = "<group>";
		};
/* End PBXVariantGroup section */

/* Begin XCBuildConfiguration section */
		59BD61C51C985CBD00A17E13 /* Debug */ = {
			isa = XCBuildConfiguration;
			buildSettings = {
				ALWAYS_SEARCH_USER_PATHS = NO;
				CLANG_CXX_LANGUAGE_STANDARD = "gnu++0x";
				CLANG_CXX_LIBRARY = "libc++";
				CLANG_ENABLE_MODULES = YES;
				CLANG_ENABLE_OBJC_ARC = YES;
				CLANG_WARN_BOOL_CONVERSION = YES;
				CLANG_WARN_CONSTANT_CONVERSION = YES;
				CLANG_WARN_DIRECT_OBJC_ISA_USAGE = YES_ERROR;
				CLANG_WARN_EMPTY_BODY = YES;
				CLANG_WARN_ENUM_CONVERSION = YES;
				CLANG_WARN_INT_CONVERSION = YES;
				CLANG_WARN_OBJC_ROOT_CLASS = YES_ERROR;
				CLANG_WARN_UNREACHABLE_CODE = YES;
				CLANG_WARN__DUPLICATE_METHOD_MATCH = YES;
				"CODE_SIGN_IDENTITY[sdk=iphoneos*]" = "iPhone Developer";
				COPY_PHASE_STRIP = NO;
				DEBUG_INFORMATION_FORMAT = dwarf;
				ENABLE_STRICT_OBJC_MSGSEND = YES;
				ENABLE_TESTABILITY = YES;
				GCC_C_LANGUAGE_STANDARD = gnu99;
				GCC_DYNAMIC_NO_PIC = NO;
				GCC_NO_COMMON_BLOCKS = YES;
				GCC_OPTIMIZATION_LEVEL = 0;
				GCC_PREPROCESSOR_DEFINITIONS = (
					"DEBUG=1",
					"$(inherited)",
				);
				GCC_WARN_64_TO_32_BIT_CONVERSION = YES;
				GCC_WARN_ABOUT_RETURN_TYPE = YES_ERROR;
				GCC_WARN_UNDECLARED_SELECTOR = YES;
				GCC_WARN_UNINITIALIZED_AUTOS = YES_AGGRESSIVE;
				GCC_WARN_UNUSED_FUNCTION = YES;
				GCC_WARN_UNUSED_VARIABLE = YES;
				IPHONEOS_DEPLOYMENT_TARGET = 9.2;
				MTL_ENABLE_DEBUG_INFO = YES;
				ONLY_ACTIVE_ARCH = YES;
				SDKROOT = iphoneos;
				SWIFT_OPTIMIZATION_LEVEL = "-Onone";
				TARGETED_DEVICE_FAMILY = "1,2";
			};
			name = Debug;
		};
		59BD61C61C985CBD00A17E13 /* Release */ = {
			isa = XCBuildConfiguration;
			buildSettings = {
				ALWAYS_SEARCH_USER_PATHS = NO;
				CLANG_CXX_LANGUAGE_STANDARD = "gnu++0x";
				CLANG_CXX_LIBRARY = "libc++";
				CLANG_ENABLE_MODULES = YES;
				CLANG_ENABLE_OBJC_ARC = YES;
				CLANG_WARN_BOOL_CONVERSION = YES;
				CLANG_WARN_CONSTANT_CONVERSION = YES;
				CLANG_WARN_DIRECT_OBJC_ISA_USAGE = YES_ERROR;
				CLANG_WARN_EMPTY_BODY = YES;
				CLANG_WARN_ENUM_CONVERSION = YES;
				CLANG_WARN_INT_CONVERSION = YES;
				CLANG_WARN_OBJC_ROOT_CLASS = YES_ERROR;
				CLANG_WARN_UNREACHABLE_CODE = YES;
				CLANG_WARN__DUPLICATE_METHOD_MATCH = YES;
				"CODE_SIGN_IDENTITY[sdk=iphoneos*]" = "iPhone Developer";
				COPY_PHASE_STRIP = NO;
				DEBUG_INFORMATION_FORMAT = "dwarf-with-dsym";
				ENABLE_NS_ASSERTIONS = NO;
				ENABLE_STRICT_OBJC_MSGSEND = YES;
				GCC_C_LANGUAGE_STANDARD = gnu99;
				GCC_NO_COMMON_BLOCKS = YES;
				GCC_WARN_64_TO_32_BIT_CONVERSION = YES;
				GCC_WARN_ABOUT_RETURN_TYPE = YES_ERROR;
				GCC_WARN_UNDECLARED_SELECTOR = YES;
				GCC_WARN_UNINITIALIZED_AUTOS = YES_AGGRESSIVE;
				GCC_WARN_UNUSED_FUNCTION = YES;
				GCC_WARN_UNUSED_VARIABLE = YES;
				IPHONEOS_DEPLOYMENT_TARGET = 9.2;
				MTL_ENABLE_DEBUG_INFO = NO;
				SDKROOT = iphoneos;
				TARGETED_DEVICE_FAMILY = "1,2";
				VALIDATE_PRODUCT = YES;
			};
			name = Release;
		};
		59BD61C81C985CBD00A17E13 /* Debug */ = {
			isa = XCBuildConfiguration;
			buildSettings = {
				ASSETCATALOG_COMPILER_APPICON_NAME = AppIcon;
				INFOPLIST_FILE = MovieLibraryIOSClient/Info.plist;
				IPHONEOS_DEPLOYMENT_TARGET = 9.1;
				LD_RUNPATH_SEARCH_PATHS = "$(inherited) @executable_path/Frameworks";
				PRODUCT_BUNDLE_IDENTIFIER = edu.asu.bscs.mcmathe1.MovieLibraryIOSClient;
				PRODUCT_NAME = "$(TARGET_NAME)";
				TARGETED_DEVICE_FAMILY = "1,2";
			};
			name = Debug;
		};
		59BD61C91C985CBD00A17E13 /* Release */ = {
			isa = XCBuildConfiguration;
			buildSettings = {
				ASSETCATALOG_COMPILER_APPICON_NAME = AppIcon;
				INFOPLIST_FILE = MovieLibraryIOSClient/Info.plist;
				IPHONEOS_DEPLOYMENT_TARGET = 9.1;
				LD_RUNPATH_SEARCH_PATHS = "$(inherited) @executable_path/Frameworks";
				PRODUCT_BUNDLE_IDENTIFIER = edu.asu.bscs.mcmathe1.MovieLibraryIOSClient;
				PRODUCT_NAME = "$(TARGET_NAME)";
				TARGETED_DEVICE_FAMILY = "1,2";
			};
			name = Release;
		};
		59BD61CB1C985CBD00A17E13 /* Debug */ = {
			isa = XCBuildConfiguration;
			buildSettings = {
				BUNDLE_LOADER = "$(TEST_HOST)";
				INFOPLIST_FILE = MovieLibraryIOSClientTests/Info.plist;
				LD_RUNPATH_SEARCH_PATHS = "$(inherited) @executable_path/Frameworks @loader_path/Frameworks";
				PRODUCT_BUNDLE_IDENTIFIER = edu.asu.bscs.mcmathe1.MovieLibraryIOSClientTests;
				PRODUCT_NAME = "$(TARGET_NAME)";
				TEST_HOST = "$(BUILT_PRODUCTS_DIR)/MovieLibraryIOSClient.app/MovieLibraryIOSClient";
			};
			name = Debug;
		};
		59BD61CC1C985CBD00A17E13 /* Release */ = {
			isa = XCBuildConfiguration;
			buildSettings = {
				BUNDLE_LOADER = "$(TEST_HOST)";
				INFOPLIST_FILE = MovieLibraryIOSClientTests/Info.plist;
				LD_RUNPATH_SEARCH_PATHS = "$(inherited) @executable_path/Frameworks @loader_path/Frameworks";
				PRODUCT_BUNDLE_IDENTIFIER = edu.asu.bscs.mcmathe1.MovieLibraryIOSClientTests;
				PRODUCT_NAME = "$(TARGET_NAME)";
				TEST_HOST = "$(BUILT_PRODUCTS_DIR)/MovieLibraryIOSClient.app/MovieLibraryIOSClient";
			};
			name = Release;
		};
		59BD61CE1C985CBD00A17E13 /* Debug */ = {
			isa = XCBuildConfiguration;
			buildSettings = {
				INFOPLIST_FILE = MovieLibraryIOSClientUITests/Info.plist;
				LD_RUNPATH_SEARCH_PATHS = "$(inherited) @executable_path/Frameworks @loader_path/Frameworks";
				PRODUCT_BUNDLE_IDENTIFIER = edu.asu.bscs.mcmathe1.MovieLibraryIOSClientUITests;
				PRODUCT_NAME = "$(TARGET_NAME)";
				TEST_TARGET_NAME = MovieLibraryIOSClient;
				USES_XCTRUNNER = YES;
			};
			name = Debug;
		};
		59BD61CF1C985CBD00A17E13 /* Release */ = {
			isa = XCBuildConfiguration;
			buildSettings = {
				INFOPLIST_FILE = MovieLibraryIOSClientUITests/Info.plist;
				LD_RUNPATH_SEARCH_PATHS = "$(inherited) @executable_path/Frameworks @loader_path/Frameworks";
				PRODUCT_BUNDLE_IDENTIFIER = edu.asu.bscs.mcmathe1.MovieLibraryIOSClientUITests;
				PRODUCT_NAME = "$(TARGET_NAME)";
				TEST_TARGET_NAME = MovieLibraryIOSClient;
				USES_XCTRUNNER = YES;
			};
			name = Release;
		};
/* End XCBuildConfiguration section */

/* Begin XCConfigurationList section */
		59BD619A1C985CBC00A17E13 /* Build configuration list for PBXProject "MovieLibraryIOSClient" */ = {
			isa = XCConfigurationList;
			buildConfigurations = (
				59BD61C51C985CBD00A17E13 /* Debug */,
				59BD61C61C985CBD00A17E13 /* Release */,
			);
			defaultConfigurationIsVisible = 0;
			defaultConfigurationName = Release;
		};
		59BD61C71C985CBD00A17E13 /* Build configuration list for PBXNativeTarget "MovieLibraryIOSClient" */ = {
			isa = XCConfigurationList;
			buildConfigurations = (
				59BD61C81C985CBD00A17E13 /* Debug */,
				59BD61C91C985CBD00A17E13 /* Release */,
			);
			defaultConfigurationIsVisible = 0;
			defaultConfigurationName = Release;
		};
		59BD61CA1C985CBD00A17E13 /* Build configuration list for PBXNativeTarget "MovieLibraryIOSClientTests" */ = {
			isa = XCConfigurationList;
			buildConfigurations = (
				59BD61CB1C985CBD00A17E13 /* Debug */,
				59BD61CC1C985CBD00A17E13 /* Release */,
			);
			defaultConfigurationIsVisible = 0;
			defaultConfigurationName = Release;
		};
		59BD61CD1C985CBD00A17E13 /* Build configuration list for PBXNativeTarget "MovieLibraryIOSClientUITests" */ = {
			isa = XCConfigurationList;
			buildConfigurations = (
				59BD61CE1C985CBD00A17E13 /* Debug */,
				59BD61CF1C985CBD00A17E13 /* Release */,
			);
			defaultConfigurationIsVisible = 0;
			defaultConfigurationName = Release;
		};
/* End XCConfigurationList section */
	};
	rootObject = 59BD61971C985CBC00A17E13 /* Project object */;
}
